// !$*UTF8*$!
{
	archiveVersion = 1;
	classes = {
	};
	objectVersion = 50;
	objects = {

/* Begin PBXBuildFile section */
		8BDEFDD223E75CED008E6EBB /* AppDelegate.swift in Sources */ = {isa = PBXBuildFile; fileRef = 8BDEFDD123E75CED008E6EBB /* AppDelegate.swift */; };
		8BDEFDD423E75CED008E6EBB /* SceneDelegate.swift in Sources */ = {isa = PBXBuildFile; fileRef = 8BDEFDD323E75CED008E6EBB /* SceneDelegate.swift */; };
		8BDEFDD623E75CED008E6EBB /* ViewController.swift in Sources */ = {isa = PBXBuildFile; fileRef = 8BDEFDD523E75CED008E6EBB /* ViewController.swift */; };
		8BDEFDD923E75CED008E6EBB /* Main.storyboard in Resources */ = {isa = PBXBuildFile; fileRef = 8BDEFDD723E75CED008E6EBB /* Main.storyboard */; };
		8BDEFDDB23E75CEF008E6EBB /* Assets.xcassets in Resources */ = {isa = PBXBuildFile; fileRef = 8BDEFDDA23E75CEF008E6EBB /* Assets.xcassets */; };
		8BDEFDDE23E75CEF008E6EBB /* LaunchScreen.storyboard in Resources */ = {isa = PBXBuildFile; fileRef = 8BDEFDDC23E75CEF008E6EBB /* LaunchScreen.storyboard */; };
		8BDEFDE923E75CEF008E6EBB /* FlixTests.swift in Sources */ = {isa = PBXBuildFile; fileRef = 8BDEFDE823E75CEF008E6EBB /* FlixTests.swift */; };
		8BDEFDF423E75CEF008E6EBB /* FlixUITests.swift in Sources */ = {isa = PBXBuildFile; fileRef = 8BDEFDF323E75CEF008E6EBB /* FlixUITests.swift */; };
/* End PBXBuildFile section */

/* Begin PBXContainerItemProxy section */
		8BDEFDE523E75CEF008E6EBB /* PBXContainerItemProxy */ = {
			isa = PBXContainerItemProxy;
			containerPortal = 8BDEFDC623E75CED008E6EBB /* Project object */;
			proxyType = 1;
			remoteGlobalIDString = 8BDEFDCD23E75CED008E6EBB;
			remoteInfo = Flix;
		};
		8BDEFDF023E75CEF008E6EBB /* PBXContainerItemProxy */ = {
			isa = PBXContainerItemProxy;
			containerPortal = 8BDEFDC623E75CED008E6EBB /* Project object */;
			proxyType = 1;
			remoteGlobalIDString = 8BDEFDCD23E75CED008E6EBB;
			remoteInfo = Flix;
		};
/* End PBXContainerItemProxy section */

/* Begin PBXFileReference section */
		8BDEFDCE23E75CED008E6EBB /* Flix.app */ = {isa = PBXFileReference; explicitFileType = wrapper.application; includeInIndex = 0; path = Flix.app; sourceTree = BUILT_PRODUCTS_DIR; };
		8BDEFDD123E75CED008E6EBB /* AppDelegate.swift */ = {isa = PBXFileReference; lastKnownFileType = sourcecode.swift; path = AppDelegate.swift; sourceTree = "<group>"; };
		8BDEFDD323E75CED008E6EBB /* SceneDelegate.swift */ = {isa = PBXFileReference; lastKnownFileType = sourcecode.swift; path = SceneDelegate.swift; sourceTree = "<group>"; };
		8BDEFDD523E75CED008E6EBB /* ViewController.swift */ = {isa = PBXFileReference; lastKnownFileType = sourcecode.swift; path = ViewController.swift; sourceTree = "<group>"; };
		8BDEFDD823E75CED008E6EBB /* Base */ = {isa = PBXFileReference; lastKnownFileType = file.storyboard; name = Base; path = Base.lproj/Main.storyboard; sourceTree = "<group>"; };
		8BDEFDDA23E75CEF008E6EBB /* Assets.xcassets */ = {isa = PBXFileReference; lastKnownFileType = folder.assetcatalog; path = Assets.xcassets; sourceTree = "<group>"; };
		8BDEFDDD23E75CEF008E6EBB /* Base */ = {isa = PBXFileReference; lastKnownFileType = file.storyboard; name = Base; path = Base.lproj/LaunchScreen.storyboard; sourceTree = "<group>"; };
		8BDEFDDF23E75CEF008E6EBB /* Info.plist */ = {isa = PBXFileReference; lastKnownFileType = text.plist.xml; path = Info.plist; sourceTree = "<group>"; };
		8BDEFDE423E75CEF008E6EBB /* FlixTests.xctest */ = {isa = PBXFileReference; explicitFileType = wrapper.cfbundle; includeInIndex = 0; path = FlixTests.xctest; sourceTree = BUILT_PRODUCTS_DIR; };
		8BDEFDE823E75CEF008E6EBB /* FlixTests.swift */ = {isa = PBXFileReference; lastKnownFileType = sourcecode.swift; path = FlixTests.swift; sourceTree = "<group>"; };
		8BDEFDEA23E75CEF008E6EBB /* Info.plist */ = {isa = PBXFileReference; lastKnownFileType = text.plist.xml; path = Info.plist; sourceTree = "<group>"; };
		8BDEFDEF23E75CEF008E6EBB /* FlixUITests.xctest */ = {isa = PBXFileReference; explicitFileType = wrapper.cfbundle; includeInIndex = 0; path = FlixUITests.xctest; sourceTree = BUILT_PRODUCTS_DIR; };
		8BDEFDF323E75CEF008E6EBB /* FlixUITests.swift */ = {isa = PBXFileReference; lastKnownFileType = sourcecode.swift; path = FlixUITests.swift; sourceTree = "<group>"; };
		8BDEFDF523E75CEF008E6EBB /* Info.plist */ = {isa = PBXFileReference; lastKnownFileType = text.plist.xml; path = Info.plist; sourceTree = "<group>"; };
/* End PBXFileReference section */

/* Begin PBXFrameworksBuildPhase section */
		8BDEFDCB23E75CED008E6EBB /* Frameworks */ = {
			isa = PBXFrameworksBuildPhase;
			buildActionMask = 2147483647;
			files = (
			);
			runOnlyForDeploymentPostprocessing = 0;
		};
		8BDEFDE123E75CEF008E6EBB /* Frameworks */ = {
			isa = PBXFrameworksBuildPhase;
			buildActionMask = 2147483647;
			files = (
			);
			runOnlyForDeploymentPostprocessing = 0;
		};
		8BDEFDEC23E75CEF008E6EBB /* Frameworks */ = {
			isa = PBXFrameworksBuildPhase;
			buildActionMask = 2147483647;
			files = (
			);
			runOnlyForDeploymentPostprocessing = 0;
		};
/* End PBXFrameworksBuildPhase section */

/* Begin PBXGroup section */
		8BDEFDC523E75CED008E6EBB = {
			isa = PBXGroup;
			children = (
				8BDEFDD023E75CED008E6EBB /* Flix */,
				8BDEFDE723E75CEF008E6EBB /* FlixTests */,
				8BDEFDF223E75CEF008E6EBB /* FlixUITests */,
				8BDEFDCF23E75CED008E6EBB /* Products */,
			);
			sourceTree = "<group>";
		};
		8BDEFDCF23E75CED008E6EBB /* Products */ = {
			isa = PBXGroup;
			children = (
				8BDEFDCE23E75CED008E6EBB /* Flix.app */,
				8BDEFDE423E75CEF008E6EBB /* FlixTests.xctest */,
				8BDEFDEF23E75CEF008E6EBB /* FlixUITests.xctest */,
			);
			name = Products;
			sourceTree = "<group>";
		};
		8BDEFDD023E75CED008E6EBB /* Flix */ = {
			isa = PBXGroup;
			children = (
				8BDEFDD123E75CED008E6EBB /* AppDelegate.swift */,
				8BDEFDD323E75CED008E6EBB /* SceneDelegate.swift */,
				8BDEFDD523E75CED008E6EBB /* ViewController.swift */,
				8BDEFDD723E75CED008E6EBB /* Main.storyboard */,
				8BDEFDDA23E75CEF008E6EBB /* Assets.xcassets */,
				8BDEFDDC23E75CEF008E6EBB /* LaunchScreen.storyboard */,
				8BDEFDDF23E75CEF008E6EBB /* Info.plist */,
			);
			path = Flix;
			sourceTree = "<group>";
		};
		8BDEFDE723E75CEF008E6EBB /* FlixTests */ = {
			isa = PBXGroup;
			children = (
				8BDEFDE823E75CEF008E6EBB /* FlixTests.swift */,
				8BDEFDEA23E75CEF008E6EBB /* Info.plist */,
			);
			path = FlixTests;
			sourceTree = "<group>";
		};
		8BDEFDF223E75CEF008E6EBB /* FlixUITests */ = {
			isa = PBXGroup;
			children = (
				8BDEFDF323E75CEF008E6EBB /* FlixUITests.swift */,
				8BDEFDF523E75CEF008E6EBB /* Info.plist */,
			);
			path = FlixUITests;
			sourceTree = "<group>";
		};
/* End PBXGroup section */

/* Begin PBXNativeTarget section */
		8BDEFDCD23E75CED008E6EBB /* Flix */ = {
			isa = PBXNativeTarget;
			buildConfigurationList = 8BDEFDF823E75CEF008E6EBB /* Build configuration list for PBXNativeTarget "Flix" */;
			buildPhases = (
				8BDEFDCA23E75CED008E6EBB /* Sources */,
				8BDEFDCB23E75CED008E6EBB /* Frameworks */,
				8BDEFDCC23E75CED008E6EBB /* Resources */,
			);
			buildRules = (
			);
			dependencies = (
			);
			name = Flix;
			productName = Flix;
			productReference = 8BDEFDCE23E75CED008E6EBB /* Flix.app */;
			productType = "com.apple.product-type.application";
		};
		8BDEFDE323E75CEF008E6EBB /* FlixTests */ = {
			isa = PBXNativeTarget;
			buildConfigurationList = 8BDEFDFB23E75CEF008E6EBB /* Build configuration list for PBXNativeTarget "FlixTests" */;
			buildPhases = (
				8BDEFDE023E75CEF008E6EBB /* Sources */,
				8BDEFDE123E75CEF008E6EBB /* Frameworks */,
				8BDEFDE223E75CEF008E6EBB /* Resources */,
			);
			buildRules = (
			);
			dependencies = (
				8BDEFDE623E75CEF008E6EBB /* PBXTargetDependency */,
			);
			name = FlixTests;
			productName = FlixTests;
			productReference = 8BDEFDE423E75CEF008E6EBB /* FlixTests.xctest */;
			productType = "com.apple.product-type.bundle.unit-test";
		};
		8BDEFDEE23E75CEF008E6EBB /* FlixUITests */ = {
			isa = PBXNativeTarget;
			buildConfigurationList = 8BDEFDFE23E75CEF008E6EBB /* Build configuration list for PBXNativeTarget "FlixUITests" */;
			buildPhases = (
				8BDEFDEB23E75CEF008E6EBB /* Sources */,
				8BDEFDEC23E75CEF008E6EBB /* Frameworks */,
				8BDEFDED23E75CEF008E6EBB /* Resources */,
			);
			buildRules = (
			);
			dependencies = (
				8BDEFDF123E75CEF008E6EBB /* PBXTargetDependency */,
			);
			name = FlixUITests;
			productName = FlixUITests;
			productReference = 8BDEFDEF23E75CEF008E6EBB /* FlixUITests.xctest */;
			productType = "com.apple.product-type.bundle.ui-testing";
		};
/* End PBXNativeTarget section */

/* Begin PBXProject section */
		8BDEFDC623E75CED008E6EBB /* Project object */ = {
			isa = PBXProject;
			attributes = {
				LastSwiftUpdateCheck = 1130;
				LastUpgradeCheck = 1130;
				ORGANIZATIONNAME = cory;
				TargetAttributes = {
					8BDEFDCD23E75CED008E6EBB = {
						CreatedOnToolsVersion = 11.3.1;
					};
					8BDEFDE323E75CEF008E6EBB = {
						CreatedOnToolsVersion = 11.3.1;
						TestTargetID = 8BDEFDCD23E75CED008E6EBB;
					};
					8BDEFDEE23E75CEF008E6EBB = {
						CreatedOnToolsVersion = 11.3.1;
						TestTargetID = 8BDEFDCD23E75CED008E6EBB;
					};
				};
			};
			buildConfigurationList = 8BDEFDC923E75CED008E6EBB /* Build configuration list for PBXProject "Flix" */;
			compatibilityVersion = "Xcode 9.3";
			developmentRegion = en;
			hasScannedForEncodings = 0;
			knownRegions = (
				en,
				Base,
			);
			mainGroup = 8BDEFDC523E75CED008E6EBB;
			productRefGroup = 8BDEFDCF23E75CED008E6EBB /* Products */;
			projectDirPath = "";
			projectRoot = "";
			targets = (
				8BDEFDCD23E75CED008E6EBB /* Flix */,
				8BDEFDE323E75CEF008E6EBB /* FlixTests */,
				8BDEFDEE23E75CEF008E6EBB /* FlixUITests */,
			);
		};
/* End PBXProject section */

/* Begin PBXResourcesBuildPhase section */
		8BDEFDCC23E75CED008E6EBB /* Resources */ = {
			isa = PBXResourcesBuildPhase;
			buildActionMask = 2147483647;
			files = (
				8BDEFDDE23E75CEF008E6EBB /* LaunchScreen.storyboard in Resources */,
				8BDEFDDB23E75CEF008E6EBB /* Assets.xcassets in Resources */,
				8BDEFDD923E75CED008E6EBB /* Main.storyboard in Resources */,
			);
			runOnlyForDeploymentPostprocessing = 0;
		};
		8BDEFDE223E75CEF008E6EBB /* Resources */ = {
			isa = PBXResourcesBuildPhase;
			buildActionMask = 2147483647;
			files = (
			);
			runOnlyForDeploymentPostprocessing = 0;
		};
		8BDEFDED23E75CEF008E6EBB /* Resources */ = {
			isa = PBXResourcesBuildPhase;
			buildActionMask = 2147483647;
			files = (
			);
			runOnlyForDeploymentPostprocessing = 0;
		};
/* End PBXResourcesBuildPhase section */

/* Begin PBXSourcesBuildPhase section */
		8BDEFDCA23E75CED008E6EBB /* Sources */ = {
			isa = PBXSourcesBuildPhase;
			buildActionMask = 2147483647;
			files = (
				8BDEFDD623E75CED008E6EBB /* ViewController.swift in Sources */,
				8BDEFDD223E75CED008E6EBB /* AppDelegate.swift in Sources */,
				8BDEFDD423E75CED008E6EBB /* SceneDelegate.swift in Sources */,
			);
			runOnlyForDeploymentPostprocessing = 0;
		};
		8BDEFDE023E75CEF008E6EBB /* Sources */ = {
			isa = PBXSourcesBuildPhase;
			buildActionMask = 2147483647;
			files = (
				8BDEFDE923E75CEF008E6EBB /* FlixTests.swift in Sources */,
			);
			runOnlyForDeploymentPostprocessing = 0;
		};
		8BDEFDEB23E75CEF008E6EBB /* Sources */ = {
			isa = PBXSourcesBuildPhase;
			buildActionMask = 2147483647;
			files = (
				8BDEFDF423E75CEF008E6EBB /* FlixUITests.swift in Sources */,
			);
			runOnlyForDeploymentPostprocessing = 0;
		};
/* End PBXSourcesBuildPhase section */

/* Begin PBXTargetDependency section */
		8BDEFDE623E75CEF008E6EBB /* PBXTargetDependency */ = {
			isa = PBXTargetDependency;
			target = 8BDEFDCD23E75CED008E6EBB /* Flix */;
			targetProxy = 8BDEFDE523E75CEF008E6EBB /* PBXContainerItemProxy */;
		};
		8BDEFDF123E75CEF008E6EBB /* PBXTargetDependency */ = {
			isa = PBXTargetDependency;
			target = 8BDEFDCD23E75CED008E6EBB /* Flix */;
			targetProxy = 8BDEFDF023E75CEF008E6EBB /* PBXContainerItemProxy */;
		};
/* End PBXTargetDependency section */

/* Begin PBXVariantGroup section */
		8BDEFDD723E75CED008E6EBB /* Main.storyboard */ = {
			isa = PBXVariantGroup;
			children = (
				8BDEFDD823E75CED008E6EBB /* Base */,
			);
			name = Main.storyboard;
			sourceTree = "<group>";
		};
		8BDEFDDC23E75CEF008E6EBB /* LaunchScreen.storyboard */ = {
			isa = PBXVariantGroup;
			children = (
				8BDEFDDD23E75CEF008E6EBB /* Base */,
			);
			name = LaunchScreen.storyboard;
			sourceTree = "<group>";
		};
/* End PBXVariantGroup section */

/* Begin XCBuildConfiguration section */
		8BDEFDF623E75CEF008E6EBB /* Debug */ = {
			isa = XCBuildConfiguration;
			buildSettings = {
				ALWAYS_SEARCH_USER_PATHS = NO;
				CLANG_ANALYZER_NONNULL = YES;
				CLANG_ANALYZER_NUMBER_OBJECT_CONVERSION = YES_AGGRESSIVE;
				CLANG_CXX_LANGUAGE_STANDARD = "gnu++14";
				CLANG_CXX_LIBRARY = "libc++";
				CLANG_ENABLE_MODULES = YES;
				CLANG_ENABLE_OBJC_ARC = YES;
				CLANG_ENABLE_OBJC_WEAK = YES;
				CLANG_WARN_BLOCK_CAPTURE_AUTORELEASING = YES;
				CLANG_WARN_BOOL_CONVERSION = YES;
				CLANG_WARN_COMMA = YES;
				CLANG_WARN_CONSTANT_CONVERSION = YES;
				CLANG_WARN_DEPRECATED_OBJC_IMPLEMENTATIONS = YES;
				CLANG_WARN_DIRECT_OBJC_ISA_USAGE = YES_ERROR;
				CLANG_WARN_DOCUMENTATION_COMMENTS = YES;
				CLANG_WARN_EMPTY_BODY = YES;
				CLANG_WARN_ENUM_CONVERSION = YES;
				CLANG_WARN_INFINITE_RECURSION = YES;
				CLANG_WARN_INT_CONVERSION = YES;
				CLANG_WARN_NON_LITERAL_NULL_CONVERSION = YES;
				CLANG_WARN_OBJC_IMPLICIT_RETAIN_SELF = YES;
				CLANG_WARN_OBJC_LITERAL_CONVERSION = YES;
				CLANG_WARN_OBJC_ROOT_CLASS = YES_ERROR;
				CLANG_WARN_RANGE_LOOP_ANALYSIS = YES;
				CLANG_WARN_STRICT_PROTOTYPES = YES;
				CLANG_WARN_SUSPICIOUS_MOVE = YES;
				CLANG_WARN_UNGUARDED_AVAILABILITY = YES_AGGRESSIVE;
				CLANG_WARN_UNREACHABLE_CODE = YES;
				CLANG_WARN__DUPLICATE_METHOD_MATCH = YES;
				COPY_PHASE_STRIP = NO;
				DEBUG_INFORMATION_FORMAT = dwarf;
				ENABLE_STRICT_OBJC_MSGSEND = YES;
				ENABLE_TESTABILITY = YES;
				GCC_C_LANGUAGE_STANDARD = gnu11;
				GCC_DYNAMIC_NO_PIC = NO;
				GCC_NO_COMMON_BLOCKS = YES;
				GCC_OPTIMIZATION_LEVEL = 0;
				GCC_PREPROCESSOR_DEFINITIONS = (
					"DEBUG=1",
					"$(inherited)",
				);
				GCC_WARN_64_TO_32_BIT_CONVERSION = YES;
				GCC_WARN_ABOUT_RETURN_TYPE = YES_ERROR;
				GCC_WARN_UNDECLARED_SELECTOR = YES;
				GCC_WARN_UNINITIALIZED_AUTOS = YES_AGGRESSIVE;
				GCC_WARN_UNUSED_FUNCTION = YES;
				GCC_WARN_UNUSED_VARIABLE = YES;
				IPHONEOS_DEPLOYMENT_TARGET = 13.2;
				MTL_ENABLE_DEBUG_INFO = INCLUDE_SOURCE;
				MTL_FAST_MATH = YES;
				ONLY_ACTIVE_ARCH = YES;
				SDKROOT = iphoneos;
				SWIFT_ACTIVE_COMPILATION_CONDITIONS = DEBUG;
				SWIFT_OPTIMIZATION_LEVEL = "-Onone";
			};
			name = Debug;
		};
		8BDEFDF723E75CEF008E6EBB /* Release */ = {
			isa = XCBuildConfiguration;
			buildSettings = {
				ALWAYS_SEARCH_USER_PATHS = NO;
				CLANG_ANALYZER_NONNULL = YES;
				CLANG_ANALYZER_NUMBER_OBJECT_CONVERSION = YES_AGGRESSIVE;
				CLANG_CXX_LANGUAGE_STANDARD = "gnu++14";
				CLANG_CXX_LIBRARY = "libc++";
				CLANG_ENABLE_MODULES = YES;
				CLANG_ENABLE_OBJC_ARC = YES;
				CLANG_ENABLE_OBJC_WEAK = YES;
				CLANG_WARN_BLOCK_CAPTURE_AUTORELEASING = YES;
				CLANG_WARN_BOOL_CONVERSION = YES;
				CLANG_WARN_COMMA = YES;
				CLANG_WARN_CONSTANT_CONVERSION = YES;
				CLANG_WARN_DEPRECATED_OBJC_IMPLEMENTATIONS = YES;
				CLANG_WARN_DIRECT_OBJC_ISA_USAGE = YES_ERROR;
				CLANG_WARN_DOCUMENTATION_COMMENTS = YES;
				CLANG_WARN_EMPTY_BODY = YES;
				CLANG_WARN_ENUM_CONVERSION = YES;
				CLANG_WARN_INFINITE_RECURSION = YES;
				CLANG_WARN_INT_CONVERSION = YES;
				CLANG_WARN_NON_LITERAL_NULL_CONVERSION = YES;
				CLANG_WARN_OBJC_IMPLICIT_RETAIN_SELF = YES;
				CLANG_WARN_OBJC_LITERAL_CONVERSION = YES;
				CLANG_WARN_OBJC_ROOT_CLASS = YES_ERROR;
				CLANG_WARN_RANGE_LOOP_ANALYSIS = YES;
				CLANG_WARN_STRICT_PROTOTYPES = YES;
				CLANG_WARN_SUSPICIOUS_MOVE = YES;
				CLANG_WARN_UNGUARDED_AVAILABILITY = YES_AGGRESSIVE;
				CLANG_WARN_UNREACHABLE_CODE = YES;
				CLANG_WARN__DUPLICATE_METHOD_MATCH = YES;
				COPY_PHASE_STRIP = NO;
				DEBUG_INFORMATION_FORMAT = "dwarf-with-dsym";
				ENABLE_NS_ASSERTIONS = NO;
				ENABLE_STRICT_OBJC_MSGSEND = YES;
				GCC_C_LANGUAGE_STANDARD = gnu11;
				GCC_NO_COMMON_BLOCKS = YES;
				GCC_WARN_64_TO_32_BIT_CONVERSION = YES;
				GCC_WARN_ABOUT_RETURN_TYPE = YES_ERROR;
				GCC_WARN_UNDECLARED_SELECTOR = YES;
				GCC_WARN_UNINITIALIZED_AUTOS = YES_AGGRESSIVE;
				GCC_WARN_UNUSED_FUNCTION = YES;
				GCC_WARN_UNUSED_VARIABLE = YES;
				IPHONEOS_DEPLOYMENT_TARGET = 13.2;
				MTL_ENABLE_DEBUG_INFO = NO;
				MTL_FAST_MATH = YES;
				SDKROOT = iphoneos;
				SWIFT_COMPILATION_MODE = wholemodule;
				SWIFT_OPTIMIZATION_LEVEL = "-O";
				VALIDATE_PRODUCT = YES;
			};
			name = Release;
		};
		8BDEFDF923E75CEF008E6EBB /* Debug */ = {
			isa = XCBuildConfiguration;
			buildSettings = {
				ASSETCATALOG_COMPILER_APPICON_NAME = AppIcon;
				CODE_SIGN_STYLE = Automatic;
				DEVELOPMENT_TEAM = XSSCG977J6;
				INFOPLIST_FILE = Flix/Info.plist;
				LD_RUNPATH_SEARCH_PATHS = (
					"$(inherited)",
					"@executable_path/Frameworks",
				);
				PRODUCT_BUNDLE_IDENTIFIER = codepath.Flix;
				PRODUCT_NAME = "$(TARGET_NAME)";
				SWIFT_VERSION = 5.0;
				TARGETED_DEVICE_FAMILY = "1,2";
			};
			name = Debug;
		};
		8BDEFDFA23E75CEF008E6EBB /* Release */ = {
			isa = XCBuildConfiguration;
			buildSettings = {
				ASSETCATALOG_COMPILER_APPICON_NAME = AppIcon;
				CODE_SIGN_STYLE = Automatic;
				DEVELOPMENT_TEAM = XSSCG977J6;
				INFOPLIST_FILE = Flix/Info.plist;
				LD_RUNPATH_SEARCH_PATHS = (
					"$(inherited)",
					"@executable_path/Frameworks",
				);
				PRODUCT_BUNDLE_IDENTIFIER = codepath.Flix;
				PRODUCT_NAME = "$(TARGET_NAME)";
				SWIFT_VERSION = 5.0;
				TARGETED_DEVICE_FAMILY = "1,2";
			};
			name = Release;
		};
		8BDEFDFC23E75CEF008E6EBB /* Debug */ = {
			isa = XCBuildConfiguration;
			buildSettings = {
				ALWAYS_EMBED_SWIFT_STANDARD_LIBRARIES = YES;
				BUNDLE_LOADER = "$(TEST_HOST)";
				CODE_SIGN_STYLE = Automatic;
				DEVELOPMENT_TEAM = XSSCG977J6;
				INFOPLIST_FILE = FlixTests/Info.plist;
				IPHONEOS_DEPLOYMENT_TARGET = 13.2;
				LD_RUNPATH_SEARCH_PATHS = (
					"$(inherited)",
					"@executable_path/Frameworks",
					"@loader_path/Frameworks",
				);
				PRODUCT_BUNDLE_IDENTIFIER = codepath.FlixTests;
				PRODUCT_NAME = "$(TARGET_NAME)";
				SWIFT_VERSION = 5.0;
				TARGETED_DEVICE_FAMILY = "1,2";
				TEST_HOST = "$(BUILT_PRODUCTS_DIR)/Flix.app/Flix";
			};
			name = Debug;
		};
		8BDEFDFD23E75CEF008E6EBB /* Release */ = {
			isa = XCBuildConfiguration;
			buildSettings = {
				ALWAYS_EMBED_SWIFT_STANDARD_LIBRARIES = YES;
				BUNDLE_LOADER = "$(TEST_HOST)";
				CODE_SIGN_STYLE = Automatic;
				DEVELOPMENT_TEAM = XSSCG977J6;
				INFOPLIST_FILE = FlixTests/Info.plist;
				IPHONEOS_DEPLOYMENT_TARGET = 13.2;
				LD_RUNPATH_SEARCH_PATHS = (
					"$(inherited)",
					"@executable_path/Frameworks",
					"@loader_path/Frameworks",
				);
				PRODUCT_BUNDLE_IDENTIFIER = codepath.FlixTests;
				PRODUCT_NAME = "$(TARGET_NAME)";
				SWIFT_VERSION = 5.0;
				TARGETED_DEVICE_FAMILY = "1,2";
				TEST_HOST = "$(BUILT_PRODUCTS_DIR)/Flix.app/Flix";
			};
			name = Release;
		};
		8BDEFDFF23E75CEF008E6EBB /* Debug */ = {
			isa = XCBuildConfiguration;
			buildSettings = {
				ALWAYS_EMBED_SWIFT_STANDARD_LIBRARIES = YES;
				CODE_SIGN_STYLE = Automatic;
				DEVELOPMENT_TEAM = XSSCG977J6;
				INFOPLIST_FILE = FlixUITests/Info.plist;
				LD_RUNPATH_SEARCH_PATHS = (
					"$(inherited)",
					"@executable_path/Frameworks",
					"@loader_path/Frameworks",
				);
				PRODUCT_BUNDLE_IDENTIFIER = codepath.FlixUITests;
				PRODUCT_NAME = "$(TARGET_NAME)";
				SWIFT_VERSION = 5.0;
				TARGETED_DEVICE_FAMILY = "1,2";
				TEST_TARGET_NAME = Flix;
			};
			name = Debug;
		};
		8BDEFE0023E75CEF008E6EBB /* Release */ = {
			isa = XCBuildConfiguration;
			buildSettings = {
				ALWAYS_EMBED_SWIFT_STANDARD_LIBRARIES = YES;
				CODE_SIGN_STYLE = Automatic;
				DEVELOPMENT_TEAM = XSSCG977J6;
				INFOPLIST_FILE = FlixUITests/Info.plist;
				LD_RUNPATH_SEARCH_PATHS = (
					"$(inherited)",
					"@executable_path/Frameworks",
					"@loader_path/Frameworks",
				);
				PRODUCT_BUNDLE_IDENTIFIER = codepath.FlixUITests;
				PRODUCT_NAME = "$(TARGET_NAME)";
				SWIFT_VERSION = 5.0;
				TARGETED_DEVICE_FAMILY = "1,2";
				TEST_TARGET_NAME = Flix;
			};
			name = Release;
		};
/* End XCBuildConfiguration section */

/* Begin XCConfigurationList section */
		8BDEFDC923E75CED008E6EBB /* Build configuration list for PBXProject "Flix" */ = {
			isa = XCConfigurationList;
			buildConfigurations = (
				8BDEFDF623E75CEF008E6EBB /* Debug */,
				8BDEFDF723E75CEF008E6EBB /* Release */,
			);
			defaultConfigurationIsVisible = 0;
			defaultConfigurationName = Release;
		};
		8BDEFDF823E75CEF008E6EBB /* Build configuration list for PBXNativeTarget "Flix" */ = {
			isa = XCConfigurationList;
			buildConfigurations = (
				8BDEFDF923E75CEF008E6EBB /* Debug */,
				8BDEFDFA23E75CEF008E6EBB /* Release */,
			);
			defaultConfigurationIsVisible = 0;
			defaultConfigurationName = Release;
		};
		8BDEFDFB23E75CEF008E6EBB /* Build configuration list for PBXNativeTarget "FlixTests" */ = {
			isa = XCConfigurationList;
			buildConfigurations = (
				8BDEFDFC23E75CEF008E6EBB /* Debug */,
				8BDEFDFD23E75CEF008E6EBB /* Release */,
			);
			defaultConfigurationIsVisible = 0;
			defaultConfigurationName = Release;
		};
		8BDEFDFE23E75CEF008E6EBB /* Build configuration list for PBXNativeTarget "FlixUITests" */ = {
			isa = XCConfigurationList;
			buildConfigurations = (
				8BDEFDFF23E75CEF008E6EBB /* Debug */,
				8BDEFE0023E75CEF008E6EBB /* Release */,
			);
			defaultConfigurationIsVisible = 0;
			defaultConfigurationName = Release;
		};
/* End XCConfigurationList section */
	};
	rootObject = 8BDEFDC623E75CED008E6EBB /* Project object */;
}
